
Microsoft Visual Studio Solution File, Format Version 12.00
# Visual Studio Version 17
VisualStudioVersion = 17.0.32014.148
MinimumVisualStudioVersion = 10.0.40219.1
Project("{9A19103F-16F7-4668-BE54-9A1E7A4F7556}") = "DalFacade", "DalFacade\DalFacade.csproj", "{2E78367A-2327-460E-B306-F1E51999143C}"
EndProject
Project("{9A19103F-16F7-4668-BE54-9A1E7A4F7556}") = "DalList", "DalList\DalList.csproj", "{B7E3BA2B-FE85-4F41-BAD4-88468D4003C2}"
EndProject
Project("{9A19103F-16F7-4668-BE54-9A1E7A4F7556}") = "DalTest", "DalTest\DalTest.csproj", "{F6666BA5-A036-436A-B050-7A9681A21621}"
	ProjectSection(ProjectDependencies) = postProject
		{B7E3BA2B-FE85-4F41-BAD4-88468D4003C2} = {B7E3BA2B-FE85-4F41-BAD4-88468D4003C2}
		{2E78367A-2327-460E-B306-F1E51999143C} = {2E78367A-2327-460E-B306-F1E51999143C}
	EndProjectSection
EndProject
Project("{9A19103F-16F7-4668-BE54-9A1E7A4F7556}") = "BL", "BL\BL.csproj", "{279E59B9-59E3-439B-A07B-E649E9B8CB9F}"
EndProject
Project("{9A19103F-16F7-4668-BE54-9A1E7A4F7556}") = "BlTest", "BlTest\BlTest.csproj", "{B4674386-CB44-4DA4-A8FD-6D41E59A4EE2}"
EndProject
Project("{9A19103F-16F7-4668-BE54-9A1E7A4F7556}") = "PL", "PL\PL.csproj", "{62942F65-8DB0-4AD2-B4A1-252E126B5822}"
EndProject
Project("{2150E333-8FDC-42A3-9474-1A3956D46DE8}") = "xml", "xml", "{604F3F25-FB95-4005-9AF8-A831B5318329}"
	ProjectSection(SolutionItems) = preProject
		..\xml\config.xml = ..\xml\config.xml
		..\xml\dalConfig.xml = ..\xml\dalConfig.xml
		..\xml\OrderItemXml.xml = ..\xml\OrderItemXml.xml
		..\xml\OrderXml.xml = ..\xml\OrderXml.xml
		..\xml\ProductXml.xml = ..\xml\ProductXml.xml
	EndProjectSection
EndProject
Project("{9A19103F-16F7-4668-BE54-9A1E7A4F7556}") = "DalXml", "DalXml\DalXml.csproj", "{3E6422CA-A732-4391-80DD-93FF73146ACE}"
EndProject
Project("{9A19103F-16F7-4668-BE54-9A1E7A4F7556}") = "run", "run\run.csproj", "{056E9B2C-A598-4496-A829-BBDC13D1944E}"
EndProject
Global
	GlobalSection(SolutionConfigurationPlatforms) = preSolution
		Debug|Any CPU = Debug|Any CPU
		Release|Any CPU = Release|Any CPU
	EndGlobalSection
	GlobalSection(ProjectConfigurationPlatforms) = postSolution
		{2E78367A-2327-460E-B306-F1E51999143C}.Debug|Any CPU.ActiveCfg = Debug|Any CPU
		{2E78367A-2327-460E-B306-F1E51999143C}.Debug|Any CPU.Build.0 = Debug|Any CPU
		{2E78367A-2327-460E-B306-F1E51999143C}.Release|Any CPU.ActiveCfg = Release|Any CPU
		{2E78367A-2327-460E-B306-F1E51999143C}.Release|Any CPU.Build.0 = Release|Any CPU
		{B7E3BA2B-FE85-4F41-BAD4-88468D4003C2}.Debug|Any CPU.ActiveCfg = Debug|Any CPU
		{B7E3BA2B-FE85-4F41-BAD4-88468D4003C2}.Debug|Any CPU.Build.0 = Debug|Any CPU
		{B7E3BA2B-FE85-4F41-BAD4-88468D4003C2}.Release|Any CPU.ActiveCfg = Release|Any CPU
		{B7E3BA2B-FE85-4F41-BAD4-88468D4003C2}.Release|Any CPU.Build.0 = Release|Any CPU
		{F6666BA5-A036-436A-B050-7A9681A21621}.Debug|Any CPU.ActiveCfg = Debug|Any CPU
		{F6666BA5-A036-436A-B050-7A9681A21621}.Debug|Any CPU.Build.0 = Debug|Any CPU
		{F6666BA5-A036-436A-B050-7A9681A21621}.Release|Any CPU.ActiveCfg = Release|Any CPU
		{F6666BA5-A036-436A-B050-7A9681A21621}.Release|Any CPU.Build.0 = Release|Any CPU
		{279E59B9-59E3-439B-A07B-E649E9B8CB9F}.Debug|Any CPU.ActiveCfg = Debug|Any CPU
		{279E59B9-59E3-439B-A07B-E649E9B8CB9F}.Debug|Any CPU.Build.0 = Debug|Any CPU
		{279E59B9-59E3-439B-A07B-E649E9B8CB9F}.Release|Any CPU.ActiveCfg = Release|Any CPU
		{279E59B9-59E3-439B-A07B-E649E9B8CB9F}.Release|Any CPU.Build.0 = Release|Any CPU
		{B4674386-CB44-4DA4-A8FD-6D41E59A4EE2}.Debug|Any CPU.ActiveCfg = Debug|Any CPU
		{B4674386-CB44-4DA4-A8FD-6D41E59A4EE2}.Debug|Any CPU.Build.0 = Debug|Any CPU
		{B4674386-CB44-4DA4-A8FD-6D41E59A4EE2}.Release|Any CPU.ActiveCfg = Release|Any CPU
		{B4674386-CB44-4DA4-A8FD-6D41E59A4EE2}.Release|Any CPU.Build.0 = Release|Any CPU
		{62942F65-8DB0-4AD2-B4A1-252E126B5822}.Debug|Any CPU.ActiveCfg = Debug|Any CPU
		{62942F65-8DB0-4AD2-B4A1-252E126B5822}.Debug|Any CPU.Build.0 = Debug|Any CPU
		{62942F65-8DB0-4AD2-B4A1-252E126B5822}.Release|Any CPU.ActiveCfg = Release|Any CPU
		{62942F65-8DB0-4AD2-B4A1-252E126B5822}.Release|Any CPU.Build.0 = Release|Any CPU
		{3E6422CA-A732-4391-80DD-93FF73146ACE}.Debug|Any CPU.ActiveCfg = Debug|Any CPU
		{3E6422CA-A732-4391-80DD-93FF73146ACE}.Debug|Any CPU.Build.0 = Debug|Any CPU
		{3E6422CA-A732-4391-80DD-93FF73146ACE}.Release|Any CPU.ActiveCfg = Release|Any CPU
		{3E6422CA-A732-4391-80DD-93FF73146ACE}.Release|Any CPU.Build.0 = Release|Any CPU
		{056E9B2C-A598-4496-A829-BBDC13D1944E}.Debug|Any CPU.ActiveCfg = Debug|Any CPU
		{056E9B2C-A598-4496-A829-BBDC13D1944E}.Debug|Any CPU.Build.0 = Debug|Any CPU
		{056E9B2C-A598-4496-A829-BBDC13D1944E}.Release|Any CPU.ActiveCfg = Release|Any CPU
		{056E9B2C-A598-4496-A829-BBDC13D1944E}.Release|Any CPU.Build.0 = Release|Any CPU
	EndGlobalSection
	GlobalSection(SolutionProperties) = preSolution
		HideSolutionNode = FALSE
	EndGlobalSection
	GlobalSection(ExtensibilityGlobals) = postSolution
		SolutionGuid = {3EC8C291-E92F-41F4-9324-CAA7800B7450}
	EndGlobalSection
EndGlobal
